// !$*UTF8*$!
{
	archiveVersion = 1;
	classes = {
	};
	objectVersion = 55;
	objects = {

/* Begin PBXBuildFile section */
		B62DDCFD2831FAC30030B1E3 /* AppDelegate.swift in Sources */ = {isa = PBXBuildFile; fileRef = B62DDCFC2831FAC30030B1E3 /* AppDelegate.swift */; };
		B62DDCFF2831FAC30030B1E3 /* SceneDelegate.swift in Sources */ = {isa = PBXBuildFile; fileRef = B62DDCFE2831FAC30030B1E3 /* SceneDelegate.swift */; };
		B62DDD012831FAC30030B1E3 /* ViewController.swift in Sources */ = {isa = PBXBuildFile; fileRef = B62DDD002831FAC30030B1E3 /* ViewController.swift */; };
		B62DDD042831FAC30030B1E3 /* Main.storyboard in Resources */ = {isa = PBXBuildFile; fileRef = B62DDD022831FAC30030B1E3 /* Main.storyboard */; };
		B62DDD062831FAC50030B1E3 /* Assets.xcassets in Resources */ = {isa = PBXBuildFile; fileRef = B62DDD052831FAC50030B1E3 /* Assets.xcassets */; };
		B62DDD092831FAC50030B1E3 /* LaunchScreen.storyboard in Resources */ = {isa = PBXBuildFile; fileRef = B62DDD072831FAC50030B1E3 /* LaunchScreen.storyboard */; };
		B62DDD142831FAC50030B1E3 /* Travel_DiriesTests.swift in Sources */ = {isa = PBXBuildFile; fileRef = B62DDD132831FAC50030B1E3 /* Travel_DiriesTests.swift */; };
		B62DDD1E2831FAC50030B1E3 /* Travel_DiriesUITests.swift in Sources */ = {isa = PBXBuildFile; fileRef = B62DDD1D2831FAC50030B1E3 /* Travel_DiriesUITests.swift */; };
		B62DDD202831FAC50030B1E3 /* Travel_DiriesUITestsLaunchTests.swift in Sources */ = {isa = PBXBuildFile; fileRef = B62DDD1F2831FAC50030B1E3 /* Travel_DiriesUITestsLaunchTests.swift */; };
		B67C3101283765C3002F13BD /* CollectionViewCell.swift in Sources */ = {isa = PBXBuildFile; fileRef = B67C3100283765C3002F13BD /* CollectionViewCell.swift */; };
		B69942EE283CB14300C23C94 /* HomeCell.xib in Resources */ = {isa = PBXBuildFile; fileRef = B69942EA283CB14300C23C94 /* HomeCell.xib */; };
		B69942EF283CB14300C23C94 /* HomeVC.swift in Sources */ = {isa = PBXBuildFile; fileRef = B69942EB283CB14300C23C94 /* HomeVC.swift */; };
		B69942F0283CB14300C23C94 /* HomeVC.xib in Resources */ = {isa = PBXBuildFile; fileRef = B69942EC283CB14300C23C94 /* HomeVC.xib */; };
		B69942F1283CB14300C23C94 /* HomeCell.swift in Sources */ = {isa = PBXBuildFile; fileRef = B69942ED283CB14300C23C94 /* HomeCell.swift */; };
/* End PBXBuildFile section */

/* Begin PBXContainerItemProxy section */
		B62DDD102831FAC50030B1E3 /* PBXContainerItemProxy */ = {
			isa = PBXContainerItemProxy;
			containerPortal = B62DDCF12831FAC30030B1E3 /* Project object */;
			proxyType = 1;
			remoteGlobalIDString = B62DDCF82831FAC30030B1E3;
			remoteInfo = "Travel Diries";
		};
		B62DDD1A2831FAC50030B1E3 /* PBXContainerItemProxy */ = {
			isa = PBXContainerItemProxy;
			containerPortal = B62DDCF12831FAC30030B1E3 /* Project object */;
			proxyType = 1;
			remoteGlobalIDString = B62DDCF82831FAC30030B1E3;
			remoteInfo = "Travel Diries";
		};
/* End PBXContainerItemProxy section */

/* Begin PBXFileReference section */
		B62DDCF92831FAC30030B1E3 /* Travel Diries.app */ = {isa = PBXFileReference; explicitFileType = wrapper.application; includeInIndex = 0; path = "Travel Diries.app"; sourceTree = BUILT_PRODUCTS_DIR; };
		B62DDCFC2831FAC30030B1E3 /* AppDelegate.swift */ = {isa = PBXFileReference; lastKnownFileType = sourcecode.swift; path = AppDelegate.swift; sourceTree = "<group>"; };
		B62DDCFE2831FAC30030B1E3 /* SceneDelegate.swift */ = {isa = PBXFileReference; lastKnownFileType = sourcecode.swift; path = SceneDelegate.swift; sourceTree = "<group>"; };
		B62DDD002831FAC30030B1E3 /* ViewController.swift */ = {isa = PBXFileReference; lastKnownFileType = sourcecode.swift; path = ViewController.swift; sourceTree = "<group>"; };
		B62DDD032831FAC30030B1E3 /* Base */ = {isa = PBXFileReference; lastKnownFileType = file.storyboard; name = Base; path = Base.lproj/Main.storyboard; sourceTree = "<group>"; };
		B62DDD052831FAC50030B1E3 /* Assets.xcassets */ = {isa = PBXFileReference; lastKnownFileType = folder.assetcatalog; path = Assets.xcassets; sourceTree = "<group>"; };
		B62DDD082831FAC50030B1E3 /* Base */ = {isa = PBXFileReference; lastKnownFileType = file.storyboard; name = Base; path = Base.lproj/LaunchScreen.storyboard; sourceTree = "<group>"; };
		B62DDD0A2831FAC50030B1E3 /* Info.plist */ = {isa = PBXFileReference; lastKnownFileType = text.plist.xml; path = Info.plist; sourceTree = "<group>"; };
		B62DDD0F2831FAC50030B1E3 /* Travel DiriesTests.xctest */ = {isa = PBXFileReference; explicitFileType = wrapper.cfbundle; includeInIndex = 0; path = "Travel DiriesTests.xctest"; sourceTree = BUILT_PRODUCTS_DIR; };
		B62DDD132831FAC50030B1E3 /* Travel_DiriesTests.swift */ = {isa = PBXFileReference; lastKnownFileType = sourcecode.swift; path = Travel_DiriesTests.swift; sourceTree = "<group>"; };
		B62DDD192831FAC50030B1E3 /* Travel DiriesUITests.xctest */ = {isa = PBXFileReference; explicitFileType = wrapper.cfbundle; includeInIndex = 0; path = "Travel DiriesUITests.xctest"; sourceTree = BUILT_PRODUCTS_DIR; };
		B62DDD1D2831FAC50030B1E3 /* Travel_DiriesUITests.swift */ = {isa = PBXFileReference; lastKnownFileType = sourcecode.swift; path = Travel_DiriesUITests.swift; sourceTree = "<group>"; };
		B62DDD1F2831FAC50030B1E3 /* Travel_DiriesUITestsLaunchTests.swift */ = {isa = PBXFileReference; lastKnownFileType = sourcecode.swift; path = Travel_DiriesUITestsLaunchTests.swift; sourceTree = "<group>"; };
		B67C3100283765C3002F13BD /* CollectionViewCell.swift */ = {isa = PBXFileReference; lastKnownFileType = sourcecode.swift; path = CollectionViewCell.swift; sourceTree = "<group>"; };
		B69942EA283CB14300C23C94 /* HomeCell.xib */ = {isa = PBXFileReference; fileEncoding = 4; lastKnownFileType = file.xib; name = HomeCell.xib; path = "../../../../Downloads/Jinesh/Travel Diaries/Travel Diries/Home/HomeCell.xib"; sourceTree = "<group>"; };
		B69942EB283CB14300C23C94 /* HomeVC.swift */ = {isa = PBXFileReference; fileEncoding = 4; lastKnownFileType = sourcecode.swift; name = HomeVC.swift; path = "../../../../Downloads/Jinesh/Travel Diaries/Travel Diries/Home/HomeVC.swift"; sourceTree = "<group>"; };
		B69942EC283CB14300C23C94 /* HomeVC.xib */ = {isa = PBXFileReference; fileEncoding = 4; lastKnownFileType = file.xib; name = HomeVC.xib; path = "../../../../Downloads/Jinesh/Travel Diaries/Travel Diries/Home/HomeVC.xib"; sourceTree = "<group>"; };
		B69942ED283CB14300C23C94 /* HomeCell.swift */ = {isa = PBXFileReference; fileEncoding = 4; lastKnownFileType = sourcecode.swift; name = HomeCell.swift; path = "../../../../Downloads/Jinesh/Travel Diaries/Travel Diries/Home/HomeCell.swift"; sourceTree = "<group>"; };
/* End PBXFileReference section */

/* Begin PBXFrameworksBuildPhase section */
		B62DDCF62831FAC30030B1E3 /* Frameworks */ = {
			isa = PBXFrameworksBuildPhase;
			buildActionMask = 2147483647;
			files = (
			);
			runOnlyForDeploymentPostprocessing = 0;
		};
		B62DDD0C2831FAC50030B1E3 /* Frameworks */ = {
			isa = PBXFrameworksBuildPhase;
			buildActionMask = 2147483647;
			files = (
			);
			runOnlyForDeploymentPostprocessing = 0;
		};
		B62DDD162831FAC50030B1E3 /* Frameworks */ = {
			isa = PBXFrameworksBuildPhase;
			buildActionMask = 2147483647;
			files = (
			);
			runOnlyForDeploymentPostprocessing = 0;
		};
/* End PBXFrameworksBuildPhase section */

/* Begin PBXGroup section */
		B62DDCF02831FAC30030B1E3 = {
			isa = PBXGroup;
			children = (
				B62DDCFB2831FAC30030B1E3 /* Travel Diries */,
				B62DDD122831FAC50030B1E3 /* Travel DiriesTests */,
				B62DDD1C2831FAC50030B1E3 /* Travel DiriesUITests */,
				B62DDCFA2831FAC30030B1E3 /* Products */,
			);
			sourceTree = "<group>";
		};
		B62DDCFA2831FAC30030B1E3 /* Products */ = {
			isa = PBXGroup;
			children = (
				B62DDCF92831FAC30030B1E3 /* Travel Diries.app */,
				B62DDD0F2831FAC50030B1E3 /* Travel DiriesTests.xctest */,
				B62DDD192831FAC50030B1E3 /* Travel DiriesUITests.xctest */,
			);
			name = Products;
			sourceTree = "<group>";
		};
		B62DDCFB2831FAC30030B1E3 /* Travel Diries */ = {
			isa = PBXGroup;
			children = (
				B69942E9283CB11A00C23C94 /* Home */,
				B62DDCFC2831FAC30030B1E3 /* AppDelegate.swift */,
				B62DDCFE2831FAC30030B1E3 /* SceneDelegate.swift */,
				B62DDD002831FAC30030B1E3 /* ViewController.swift */,
				B62DDD022831FAC30030B1E3 /* Main.storyboard */,
				B67C3100283765C3002F13BD /* CollectionViewCell.swift */,
				B62DDD052831FAC50030B1E3 /* Assets.xcassets */,
				B62DDD072831FAC50030B1E3 /* LaunchScreen.storyboard */,
				B62DDD0A2831FAC50030B1E3 /* Info.plist */,
			);
			path = "Travel Diries";
			sourceTree = "<group>";
		};
		B62DDD122831FAC50030B1E3 /* Travel DiriesTests */ = {
			isa = PBXGroup;
			children = (
				B62DDD132831FAC50030B1E3 /* Travel_DiriesTests.swift */,
			);
			path = "Travel DiriesTests";
			sourceTree = "<group>";
		};
		B62DDD1C2831FAC50030B1E3 /* Travel DiriesUITests */ = {
			isa = PBXGroup;
			children = (
				B62DDD1D2831FAC50030B1E3 /* Travel_DiriesUITests.swift */,
				B62DDD1F2831FAC50030B1E3 /* Travel_DiriesUITestsLaunchTests.swift */,
			);
			path = "Travel DiriesUITests";
			sourceTree = "<group>";
		};
		B69942E9283CB11A00C23C94 /* Home */ = {
			isa = PBXGroup;
			children = (
				B69942ED283CB14300C23C94 /* HomeCell.swift */,
				B69942EA283CB14300C23C94 /* HomeCell.xib */,
				B69942EB283CB14300C23C94 /* HomeVC.swift */,
				B69942EC283CB14300C23C94 /* HomeVC.xib */,
			);
			path = Home;
			sourceTree = "<group>";
		};
/* End PBXGroup section */

/* Begin PBXNativeTarget section */
		B62DDCF82831FAC30030B1E3 /* Travel Diries */ = {
			isa = PBXNativeTarget;
			buildConfigurationList = B62DDD232831FAC50030B1E3 /* Build configuration list for PBXNativeTarget "Travel Diries" */;
			buildPhases = (
				B62DDCF52831FAC30030B1E3 /* Sources */,
				B62DDCF62831FAC30030B1E3 /* Frameworks */,
				B62DDCF72831FAC30030B1E3 /* Resources */,
			);
			buildRules = (
			);
			dependencies = (
			);
			name = "Travel Diries";
			productName = "Travel Diries";
			productReference = B62DDCF92831FAC30030B1E3 /* Travel Diries.app */;
			productType = "com.apple.product-type.application";
		};
		B62DDD0E2831FAC50030B1E3 /* Travel DiriesTests */ = {
			isa = PBXNativeTarget;
			buildConfigurationList = B62DDD262831FAC50030B1E3 /* Build configuration list for PBXNativeTarget "Travel DiriesTests" */;
			buildPhases = (
				B62DDD0B2831FAC50030B1E3 /* Sources */,
				B62DDD0C2831FAC50030B1E3 /* Frameworks */,
				B62DDD0D2831FAC50030B1E3 /* Resources */,
			);
			buildRules = (
			);
			dependencies = (
				B62DDD112831FAC50030B1E3 /* PBXTargetDependency */,
			);
			name = "Travel DiriesTests";
			productName = "Travel DiriesTests";
			productReference = B62DDD0F2831FAC50030B1E3 /* Travel DiriesTests.xctest */;
			productType = "com.apple.product-type.bundle.unit-test";
		};
		B62DDD182831FAC50030B1E3 /* Travel DiriesUITests */ = {
			isa = PBXNativeTarget;
			buildConfigurationList = B62DDD292831FAC50030B1E3 /* Build configuration list for PBXNativeTarget "Travel DiriesUITests" */;
			buildPhases = (
				B62DDD152831FAC50030B1E3 /* Sources */,
				B62DDD162831FAC50030B1E3 /* Frameworks */,
				B62DDD172831FAC50030B1E3 /* Resources */,
			);
			buildRules = (
			);
			dependencies = (
				B62DDD1B2831FAC50030B1E3 /* PBXTargetDependency */,
			);
			name = "Travel DiriesUITests";
			productName = "Travel DiriesUITests";
			productReference = B62DDD192831FAC50030B1E3 /* Travel DiriesUITests.xctest */;
			productType = "com.apple.product-type.bundle.ui-testing";
		};
/* End PBXNativeTarget section */

/* Begin PBXProject section */
		B62DDCF12831FAC30030B1E3 /* Project object */ = {
			isa = PBXProject;
			attributes = {
				BuildIndependentTargetsInParallel = 1;
				LastSwiftUpdateCheck = 1330;
				LastUpgradeCheck = 1330;
				TargetAttributes = {
					B62DDCF82831FAC30030B1E3 = {
						CreatedOnToolsVersion = 13.3.1;
					};
					B62DDD0E2831FAC50030B1E3 = {
						CreatedOnToolsVersion = 13.3.1;
						TestTargetID = B62DDCF82831FAC30030B1E3;
					};
					B62DDD182831FAC50030B1E3 = {
						CreatedOnToolsVersion = 13.3.1;
						TestTargetID = B62DDCF82831FAC30030B1E3;
					};
				};
			};
			buildConfigurationList = B62DDCF42831FAC30030B1E3 /* Build configuration list for PBXProject "Travel Diries" */;
			compatibilityVersion = "Xcode 13.0";
			developmentRegion = en;
			hasScannedForEncodings = 0;
			knownRegions = (
				en,
				Base,
			);
			mainGroup = B62DDCF02831FAC30030B1E3;
			productRefGroup = B62DDCFA2831FAC30030B1E3 /* Products */;
			projectDirPath = "";
			projectRoot = "";
			targets = (
				B62DDCF82831FAC30030B1E3 /* Travel Diries */,
				B62DDD0E2831FAC50030B1E3 /* Travel DiriesTests */,
				B62DDD182831FAC50030B1E3 /* Travel DiriesUITests */,
			);
		};
/* End PBXProject section */

/* Begin PBXResourcesBuildPhase section */
		B62DDCF72831FAC30030B1E3 /* Resources */ = {
			isa = PBXResourcesBuildPhase;
			buildActionMask = 2147483647;
			files = (
				B62DDD092831FAC50030B1E3 /* LaunchScreen.storyboard in Resources */,
				B62DDD062831FAC50030B1E3 /* Assets.xcassets in Resources */,
				B69942F0283CB14300C23C94 /* HomeVC.xib in Resources */,
				B69942EE283CB14300C23C94 /* HomeCell.xib in Resources */,
				B62DDD042831FAC30030B1E3 /* Main.storyboard in Resources */,
			);
			runOnlyForDeploymentPostprocessing = 0;
		};
		B62DDD0D2831FAC50030B1E3 /* Resources */ = {
			isa = PBXResourcesBuildPhase;
			buildActionMask = 2147483647;
			files = (
			);
			runOnlyForDeploymentPostprocessing = 0;
		};
		B62DDD172831FAC50030B1E3 /* Resources */ = {
			isa = PBXResourcesBuildPhase;
			buildActionMask = 2147483647;
			files = (
			);
			runOnlyForDeploymentPostprocessing = 0;
		};
/* End PBXResourcesBuildPhase section */

/* Begin PBXSourcesBuildPhase section */
		B62DDCF52831FAC30030B1E3 /* Sources */ = {
			isa = PBXSourcesBuildPhase;
			buildActionMask = 2147483647;
			files = (
				B62DDD012831FAC30030B1E3 /* ViewController.swift in Sources */,
				B69942EF283CB14300C23C94 /* HomeVC.swift in Sources */,
				B62DDCFD2831FAC30030B1E3 /* AppDelegate.swift in Sources */,
				B67C3101283765C3002F13BD /* CollectionViewCell.swift in Sources */,
				B69942F1283CB14300C23C94 /* HomeCell.swift in Sources */,
				B62DDCFF2831FAC30030B1E3 /* SceneDelegate.swift in Sources */,
			);
			runOnlyForDeploymentPostprocessing = 0;
		};
		B62DDD0B2831FAC50030B1E3 /* Sources */ = {
			isa = PBXSourcesBuildPhase;
			buildActionMask = 2147483647;
			files = (
				B62DDD142831FAC50030B1E3 /* Travel_DiriesTests.swift in Sources */,
			);
			runOnlyForDeploymentPostprocessing = 0;
		};
		B62DDD152831FAC50030B1E3 /* Sources */ = {
			isa = PBXSourcesBuildPhase;
			buildActionMask = 2147483647;
			files = (
				B62DDD202831FAC50030B1E3 /* Travel_DiriesUITestsLaunchTests.swift in Sources */,
				B62DDD1E2831FAC50030B1E3 /* Travel_DiriesUITests.swift in Sources */,
			);
			runOnlyForDeploymentPostprocessing = 0;
		};
/* End PBXSourcesBuildPhase section */

/* Begin PBXTargetDependency section */
		B62DDD112831FAC50030B1E3 /* PBXTargetDependency */ = {
			isa = PBXTargetDependency;
			target = B62DDCF82831FAC30030B1E3 /* Travel Diries */;
			targetProxy = B62DDD102831FAC50030B1E3 /* PBXContainerItemProxy */;
		};
		B62DDD1B2831FAC50030B1E3 /* PBXTargetDependency */ = {
			isa = PBXTargetDependency;
			target = B62DDCF82831FAC30030B1E3 /* Travel Diries */;
			targetProxy = B62DDD1A2831FAC50030B1E3 /* PBXContainerItemProxy */;
		};
/* End PBXTargetDependency section */

/* Begin PBXVariantGroup section */
		B62DDD022831FAC30030B1E3 /* Main.storyboard */ = {
			isa = PBXVariantGroup;
			children = (
				B62DDD032831FAC30030B1E3 /* Base */,
			);
			name = Main.storyboard;
			sourceTree = "<group>";
		};
		B62DDD072831FAC50030B1E3 /* LaunchScreen.storyboard */ = {
			isa = PBXVariantGroup;
			children = (
				B62DDD082831FAC50030B1E3 /* Base */,
			);
			name = LaunchScreen.storyboard;
			sourceTree = "<group>";
		};
/* End PBXVariantGroup section */

/* Begin XCBuildConfiguration section */
		B62DDD212831FAC50030B1E3 /* Debug */ = {
			isa = XCBuildConfiguration;
			buildSettings = {
				ALWAYS_SEARCH_USER_PATHS = NO;
				CLANG_ANALYZER_NONNULL = YES;
				CLANG_ANALYZER_NUMBER_OBJECT_CONVERSION = YES_AGGRESSIVE;
				CLANG_CXX_LANGUAGE_STANDARD = "gnu++17";
				CLANG_ENABLE_MODULES = YES;
				CLANG_ENABLE_OBJC_ARC = YES;
				CLANG_ENABLE_OBJC_WEAK = YES;
				CLANG_WARN_BLOCK_CAPTURE_AUTORELEASING = YES;
				CLANG_WARN_BOOL_CONVERSION = YES;
				CLANG_WARN_COMMA = YES;
				CLANG_WARN_CONSTANT_CONVERSION = YES;
				CLANG_WARN_DEPRECATED_OBJC_IMPLEMENTATIONS = YES;
				CLANG_WARN_DIRECT_OBJC_ISA_USAGE = YES_ERROR;
				CLANG_WARN_DOCUMENTATION_COMMENTS = YES;
				CLANG_WARN_EMPTY_BODY = YES;
				CLANG_WARN_ENUM_CONVERSION = YES;
				CLANG_WARN_INFINITE_RECURSION = YES;
				CLANG_WARN_INT_CONVERSION = YES;
				CLANG_WARN_NON_LITERAL_NULL_CONVERSION = YES;
				CLANG_WARN_OBJC_IMPLICIT_RETAIN_SELF = YES;
				CLANG_WARN_OBJC_LITERAL_CONVERSION = YES;
				CLANG_WARN_OBJC_ROOT_CLASS = YES_ERROR;
				CLANG_WARN_QUOTED_INCLUDE_IN_FRAMEWORK_HEADER = YES;
				CLANG_WARN_RANGE_LOOP_ANALYSIS = YES;
				CLANG_WARN_STRICT_PROTOTYPES = YES;
				CLANG_WARN_SUSPICIOUS_MOVE = YES;
				CLANG_WARN_UNGUARDED_AVAILABILITY = YES_AGGRESSIVE;
				CLANG_WARN_UNREACHABLE_CODE = YES;
				CLANG_WARN__DUPLICATE_METHOD_MATCH = YES;
				COPY_PHASE_STRIP = NO;
				DEBUG_INFORMATION_FORMAT = dwarf;
				ENABLE_STRICT_OBJC_MSGSEND = YES;
				ENABLE_TESTABILITY = YES;
				GCC_C_LANGUAGE_STANDARD = gnu11;
				GCC_DYNAMIC_NO_PIC = NO;
				GCC_NO_COMMON_BLOCKS = YES;
				GCC_OPTIMIZATION_LEVEL = 0;
				GCC_PREPROCESSOR_DEFINITIONS = (
					"DEBUG=1",
					"$(inherited)",
				);
				GCC_WARN_64_TO_32_BIT_CONVERSION = YES;
				GCC_WARN_ABOUT_RETURN_TYPE = YES_ERROR;
				GCC_WARN_UNDECLARED_SELECTOR = YES;
				GCC_WARN_UNINITIALIZED_AUTOS = YES_AGGRESSIVE;
				GCC_WARN_UNUSED_FUNCTION = YES;
				GCC_WARN_UNUSED_VARIABLE = YES;
				IPHONEOS_DEPLOYMENT_TARGET = 15.4;
				MTL_ENABLE_DEBUG_INFO = INCLUDE_SOURCE;
				MTL_FAST_MATH = YES;
				ONLY_ACTIVE_ARCH = YES;
				SDKROOT = iphoneos;
				SWIFT_ACTIVE_COMPILATION_CONDITIONS = DEBUG;
				SWIFT_OPTIMIZATION_LEVEL = "-Onone";
			};
			name = Debug;
		};
		B62DDD222831FAC50030B1E3 /* Release */ = {
			isa = XCBuildConfiguration;
			buildSettings = {
				ALWAYS_SEARCH_USER_PATHS = NO;
				CLANG_ANALYZER_NONNULL = YES;
				CLANG_ANALYZER_NUMBER_OBJECT_CONVERSION = YES_AGGRESSIVE;
				CLANG_CXX_LANGUAGE_STANDARD = "gnu++17";
				CLANG_ENABLE_MODULES = YES;
				CLANG_ENABLE_OBJC_ARC = YES;
				CLANG_ENABLE_OBJC_WEAK = YES;
				CLANG_WARN_BLOCK_CAPTURE_AUTORELEASING = YES;
				CLANG_WARN_BOOL_CONVERSION = YES;
				CLANG_WARN_COMMA = YES;
				CLANG_WARN_CONSTANT_CONVERSION = YES;
				CLANG_WARN_DEPRECATED_OBJC_IMPLEMENTATIONS = YES;
				CLANG_WARN_DIRECT_OBJC_ISA_USAGE = YES_ERROR;
				CLANG_WARN_DOCUMENTATION_COMMENTS = YES;
				CLANG_WARN_EMPTY_BODY = YES;
				CLANG_WARN_ENUM_CONVERSION = YES;
				CLANG_WARN_INFINITE_RECURSION = YES;
				CLANG_WARN_INT_CONVERSION = YES;
				CLANG_WARN_NON_LITERAL_NULL_CONVERSION = YES;
				CLANG_WARN_OBJC_IMPLICIT_RETAIN_SELF = YES;
				CLANG_WARN_OBJC_LITERAL_CONVERSION = YES;
				CLANG_WARN_OBJC_ROOT_CLASS = YES_ERROR;
				CLANG_WARN_QUOTED_INCLUDE_IN_FRAMEWORK_HEADER = YES;
				CLANG_WARN_RANGE_LOOP_ANALYSIS = YES;
				CLANG_WARN_STRICT_PROTOTYPES = YES;
				CLANG_WARN_SUSPICIOUS_MOVE = YES;
				CLANG_WARN_UNGUARDED_AVAILABILITY = YES_AGGRESSIVE;
				CLANG_WARN_UNREACHABLE_CODE = YES;
				CLANG_WARN__DUPLICATE_METHOD_MATCH = YES;
				COPY_PHASE_STRIP = NO;
				DEBUG_INFORMATION_FORMAT = "dwarf-with-dsym";
				ENABLE_NS_ASSERTIONS = NO;
				ENABLE_STRICT_OBJC_MSGSEND = YES;
				GCC_C_LANGUAGE_STANDARD = gnu11;
				GCC_NO_COMMON_BLOCKS = YES;
				GCC_WARN_64_TO_32_BIT_CONVERSION = YES;
				GCC_WARN_ABOUT_RETURN_TYPE = YES_ERROR;
				GCC_WARN_UNDECLARED_SELECTOR = YES;
				GCC_WARN_UNINITIALIZED_AUTOS = YES_AGGRESSIVE;
				GCC_WARN_UNUSED_FUNCTION = YES;
				GCC_WARN_UNUSED_VARIABLE = YES;
				IPHONEOS_DEPLOYMENT_TARGET = 15.4;
				MTL_ENABLE_DEBUG_INFO = NO;
				MTL_FAST_MATH = YES;
				SDKROOT = iphoneos;
				SWIFT_COMPILATION_MODE = wholemodule;
				SWIFT_OPTIMIZATION_LEVEL = "-O";
				VALIDATE_PRODUCT = YES;
			};
			name = Release;
		};
		B62DDD242831FAC50030B1E3 /* Debug */ = {
			isa = XCBuildConfiguration;
			buildSettings = {
				ASSETCATALOG_COMPILER_APPICON_NAME = AppIcon;
				ASSETCATALOG_COMPILER_GLOBAL_ACCENT_COLOR_NAME = AccentColor;
				CODE_SIGN_STYLE = Automatic;
				CURRENT_PROJECT_VERSION = 1;
				DEVELOPMENT_TEAM = PXS2AA62VT;
				GENERATE_INFOPLIST_FILE = YES;
				INFOPLIST_FILE = "Travel Diries/Info.plist";
				INFOPLIST_KEY_UIApplicationSupportsIndirectInputEvents = YES;
				INFOPLIST_KEY_UILaunchStoryboardName = LaunchScreen;
				INFOPLIST_KEY_UIMainStoryboardFile = Main;
				INFOPLIST_KEY_UISupportedInterfaceOrientations_iPad = "UIInterfaceOrientationPortrait UIInterfaceOrientationPortraitUpsideDown UIInterfaceOrientationLandscapeLeft UIInterfaceOrientationLandscapeRight";
				INFOPLIST_KEY_UISupportedInterfaceOrientations_iPhone = "UIInterfaceOrientationPortrait UIInterfaceOrientationLandscapeLeft UIInterfaceOrientationLandscapeRight";
				LD_RUNPATH_SEARCH_PATHS = (
					"$(inherited)",
					"@executable_path/Frameworks",
				);
				MARKETING_VERSION = 1.0;
				PRODUCT_BUNDLE_IDENTIFIER = "Major-Project.Travel-Diries";
				PRODUCT_NAME = "$(TARGET_NAME)";
				SWIFT_EMIT_LOC_STRINGS = YES;
				SWIFT_VERSION = 5.0;
				TARGETED_DEVICE_FAMILY = "1,2";
			};
			name = Debug;
		};
		B62DDD252831FAC50030B1E3 /* Release */ = {
			isa = XCBuildConfiguration;
			buildSettings = {
				ASSETCATALOG_COMPILER_APPICON_NAME = AppIcon;
				ASSETCATALOG_COMPILER_GLOBAL_ACCENT_COLOR_NAME = AccentColor;
				CODE_SIGN_STYLE = Automatic;
				CURRENT_PROJECT_VERSION = 1;
				DEVELOPMENT_TEAM = PXS2AA62VT;
				GENERATE_INFOPLIST_FILE = YES;
				INFOPLIST_FILE = "Travel Diries/Info.plist";
				INFOPLIST_KEY_UIApplicationSupportsIndirectInputEvents = YES;
				INFOPLIST_KEY_UILaunchStoryboardName = LaunchScreen;
				INFOPLIST_KEY_UIMainStoryboardFile = Main;
				INFOPLIST_KEY_UISupportedInterfaceOrientations_iPad = "UIInterfaceOrientationPortrait UIInterfaceOrientationPortraitUpsideDown UIInterfaceOrientationLandscapeLeft UIInterfaceOrientationLandscapeRight";
				INFOPLIST_KEY_UISupportedInterfaceOrientations_iPhone = "UIInterfaceOrientationPortrait UIInterfaceOrientationLandscapeLeft UIInterfaceOrientationLandscapeRight";
				LD_RUNPATH_SEARCH_PATHS = (
					"$(inherited)",
					"@executable_path/Frameworks",
				);
				MARKETING_VERSION = 1.0;
				PRODUCT_BUNDLE_IDENTIFIER = "Major-Project.Travel-Diries";
				PRODUCT_NAME = "$(TARGET_NAME)";
				SWIFT_EMIT_LOC_STRINGS = YES;
				SWIFT_VERSION = 5.0;
				TARGETED_DEVICE_FAMILY = "1,2";
			};
			name = Release;
		};
		B62DDD272831FAC50030B1E3 /* Debug */ = {
			isa = XCBuildConfiguration;
			buildSettings = {
				ALWAYS_EMBED_SWIFT_STANDARD_LIBRARIES = YES;
				BUNDLE_LOADER = "$(TEST_HOST)";
				CODE_SIGN_STYLE = Automatic;
				CURRENT_PROJECT_VERSION = 1;
				DEVELOPMENT_TEAM = PXS2AA62VT;
				GENERATE_INFOPLIST_FILE = YES;
				IPHONEOS_DEPLOYMENT_TARGET = 15.4;
				MARKETING_VERSION = 1.0;
				PRODUCT_BUNDLE_IDENTIFIER = "Major-Project.Travel-DiriesTests";
				PRODUCT_NAME = "$(TARGET_NAME)";
				SWIFT_EMIT_LOC_STRINGS = NO;
				SWIFT_VERSION = 5.0;
				TARGETED_DEVICE_FAMILY = "1,2";
				TEST_HOST = "$(BUILT_PRODUCTS_DIR)/Travel Diries.app/Travel Diries";
			};
			name = Debug;
		};
		B62DDD282831FAC50030B1E3 /* Release */ = {
			isa = XCBuildConfiguration;
			buildSettings = {
				ALWAYS_EMBED_SWIFT_STANDARD_LIBRARIES = YES;
				BUNDLE_LOADER = "$(TEST_HOST)";
				CODE_SIGN_STYLE = Automatic;
				CURRENT_PROJECT_VERSION = 1;
				DEVELOPMENT_TEAM = PXS2AA62VT;
				GENERATE_INFOPLIST_FILE = YES;
				IPHONEOS_DEPLOYMENT_TARGET = 15.4;
				MARKETING_VERSION = 1.0;
				PRODUCT_BUNDLE_IDENTIFIER = "Major-Project.Travel-DiriesTests";
				PRODUCT_NAME = "$(TARGET_NAME)";
				SWIFT_EMIT_LOC_STRINGS = NO;
				SWIFT_VERSION = 5.0;
				TARGETED_DEVICE_FAMILY = "1,2";
				TEST_HOST = "$(BUILT_PRODUCTS_DIR)/Travel Diries.app/Travel Diries";
			};
			name = Release;
		};
		B62DDD2A2831FAC50030B1E3 /* Debug */ = {
			isa = XCBuildConfiguration;
			buildSettings = {
				ALWAYS_EMBED_SWIFT_STANDARD_LIBRARIES = YES;
				CODE_SIGN_STYLE = Automatic;
				CURRENT_PROJECT_VERSION = 1;
				DEVELOPMENT_TEAM = PXS2AA62VT;
				GENERATE_INFOPLIST_FILE = YES;
				MARKETING_VERSION = 1.0;
				PRODUCT_BUNDLE_IDENTIFIER = "Major-Project.Travel-DiriesUITests";
				PRODUCT_NAME = "$(TARGET_NAME)";
				SWIFT_EMIT_LOC_STRINGS = NO;
				SWIFT_VERSION = 5.0;
				TARGETED_DEVICE_FAMILY = "1,2";
				TEST_TARGET_NAME = "Travel Diries";
			};
			name = Debug;
		};
		B62DDD2B2831FAC50030B1E3 /* Release */ = {
			isa = XCBuildConfiguration;
			buildSettings = {
				ALWAYS_EMBED_SWIFT_STANDARD_LIBRARIES = YES;
				CODE_SIGN_STYLE = Automatic;
				CURRENT_PROJECT_VERSION = 1;
				DEVELOPMENT_TEAM = PXS2AA62VT;
				GENERATE_INFOPLIST_FILE = YES;
				MARKETING_VERSION = 1.0;
				PRODUCT_BUNDLE_IDENTIFIER = "Major-Project.Travel-DiriesUITests";
				PRODUCT_NAME = "$(TARGET_NAME)";
				SWIFT_EMIT_LOC_STRINGS = NO;
				SWIFT_VERSION = 5.0;
				TARGETED_DEVICE_FAMILY = "1,2";
				TEST_TARGET_NAME = "Travel Diries";
			};
			name = Release;
		};
/* End XCBuildConfiguration section */

/* Begin XCConfigurationList section */
		B62DDCF42831FAC30030B1E3 /* Build configuration list for PBXProject "Travel Diries" */ = {
			isa = XCConfigurationList;
			buildConfigurations = (
				B62DDD212831FAC50030B1E3 /* Debug */,
				B62DDD222831FAC50030B1E3 /* Release */,
			);
			defaultConfigurationIsVisible = 0;
			defaultConfigurationName = Release;
		};
		B62DDD232831FAC50030B1E3 /* Build configuration list for PBXNativeTarget "Travel Diries" */ = {
			isa = XCConfigurationList;
			buildConfigurations = (
				B62DDD242831FAC50030B1E3 /* Debug */,
				B62DDD252831FAC50030B1E3 /* Release */,
			);
			defaultConfigurationIsVisible = 0;
			defaultConfigurationName = Release;
		};
		B62DDD262831FAC50030B1E3 /* Build configuration list for PBXNativeTarget "Travel DiriesTests" */ = {
			isa = XCConfigurationList;
			buildConfigurations = (
				B62DDD272831FAC50030B1E3 /* Debug */,
				B62DDD282831FAC50030B1E3 /* Release */,
			);
			defaultConfigurationIsVisible = 0;
			defaultConfigurationName = Release;
		};
		B62DDD292831FAC50030B1E3 /* Build configuration list for PBXNativeTarget "Travel DiriesUITests" */ = {
			isa = XCConfigurationList;
			buildConfigurations = (
				B62DDD2A2831FAC50030B1E3 /* Debug */,
				B62DDD2B2831FAC50030B1E3 /* Release */,
			);
			defaultConfigurationIsVisible = 0;
			defaultConfigurationName = Release;
		};
/* End XCConfigurationList section */
	};
	rootObject = B62DDCF12831FAC30030B1E3 /* Project object */;
}
